
Microsoft Visual Studio Solution File, Format Version 12.00
# Visual Studio Version 17
VisualStudioVersion = 17.3.32519.111
MinimumVisualStudioVersion = 10.0.40219.1
Project("{9A19103F-16F7-4668-BE54-9A1E7A4F7556}") = "DistributedRateLimiting.Orleans", "DistributedRateLimiting.Orleans\DistributedRateLimiting.Orleans.csproj", "{0CD94AB2-353E-49EA-9504-91C65934904A}"
EndProject
Project("{9A19103F-16F7-4668-BE54-9A1E7A4F7556}") = "TestApp", "TestApp\TestApp.csproj", "{393583DF-42F3-4ECF-BD29-0B9EE6164ED0}"
EndProject
Global
	GlobalSection(SolutionConfigurationPlatforms) = preSolution
		Debug|Any CPU = Debug|Any CPU
		Release|Any CPU = Release|Any CPU
	EndGlobalSection
	GlobalSection(ProjectConfigurationPlatforms) = postSolution
		{0CD94AB2-353E-49EA-9504-91C65934904A}.Debug|Any CPU.ActiveCfg = Debug|Any CPU
		{0CD94AB2-353E-49EA-9504-91C65934904A}.Debug|Any CPU.Build.0 = Debug|Any CPU
		{0CD94AB2-353E-49EA-9504-91C65934904A}.Release|Any CPU.ActiveCfg = Release|Any CPU
		{0CD94AB2-353E-49EA-9504-91C65934904A}.Release|Any CPU.Build.0 = Release|Any CPU
		{393583DF-42F3-4ECF-BD29-0B9EE6164ED0}.Debug|Any CPU.ActiveCfg = Debug|Any CPU
		{393583DF-42F3-4ECF-BD29-0B9EE6164ED0}.Debug|Any CPU.Build.0 = Debug|Any CPU
		{393583DF-42F3-4ECF-BD29-0B9EE6164ED0}.Release|Any CPU.ActiveCfg = Release|Any CPU
		{393583DF-42F3-4ECF-BD29-0B9EE6164ED0}.Release|Any CPU.Build.0 = Release|Any CPU
	EndGlobalSection
	GlobalSection(SolutionProperties) = preSolution
		HideSolutionNode = FALSE
	EndGlobalSection
	GlobalSection(ExtensibilityGlobals) = postSolution
		SolutionGuid = {E59AFF41-EE72-4754-8FE7-44A70F1A0A9D}
	EndGlobalSection
EndGlobal
